{
  "name": "jsaquarium",
  "version": "1.0.0",
  "lockfileVersion": 2,
  "requires": true,
  "packages": {
    "": {
      "version": "1.0.0",
      "license": "MIT",
      "dependencies": {
        "codemirror": "^5.60.0",
        "js-interpreter": "^2.3.0"
      }
    },
    "node_modules/codemirror": {
      "version": "5.60.0",
      "resolved": "https://registry.npmjs.org/codemirror/-/codemirror-5.60.0.tgz",
      "integrity": "sha512-AEL7LhFOlxPlCL8IdTcJDblJm8yrAGib7I+DErJPdZd4l6imx8IMgKK3RblVgBQqz3TZJR4oknQ03bz+uNjBYA=="
    },
    "node_modules/js-interpreter": {
      "version": "2.3.0",
      "resolved": "https://registry.npmjs.org/js-interpreter/-/js-interpreter-2.3.0.tgz",
      "integrity": "sha512-pRdg4tIZnDu1UFtr+9ysrwaovIkSWPMHbICwRe01qnuVeAublH9f//42a0nJaCaAOC/2vV0pKb7zyxzowNUmKA==",
      "dependencies": {
        "minimist": "^1.2.0"
      },
      "bin": {
        "js-interpreter": "lib/cli.min.js"
      }
    },
    "node_modules/minimist": {
      "version": "1.2.5",
      "resolved": "https://registry.npmjs.org/minimist/-/minimist-1.2.5.tgz",
      "integrity": "sha512-FM9nNUYrRBAELZQT3xeZQ7fmMOBg6nWNmJKTcgsJeaLstP/UODVpGsr5OhXhhXg6f+qtJ8uiZ+PUxkDWcgIXLw=="
    }
  },
  "dependencies": {
    "codemirror": {
      "version": "5.60.0",
      "resolved": "https://registry.npmjs.org/codemirror/-/codemirror-5.60.0.tgz",
      "integrity": "sha512-AEL7LhFOlxPlCL8IdTcJDblJm8yrAGib7I+DErJPdZd4l6imx8IMgKK3RblVgBQqz3TZJR4oknQ03bz+uNjBYA=="
    },
    "js-interpreter": {
      "version": "2.3.0",
      "resolved": "https://registry.npmjs.org/js-interpreter/-/js-interpreter-2.3.0.tgz",
      "integrity": "sha512-pRdg4tIZnDu1UFtr+9ysrwaovIkSWPMHbICwRe01qnuVeAublH9f//42a0nJaCaAOC/2vV0pKb7zyxzowNUmKA==",
      "requires": {
        "minimist": "^1.2.0"
      }
    },
    "minimist": {
      "version": "1.2.5",
      "resolved": "https://registry.npmjs.org/minimist/-/minimist-1.2.5.tgz",
      "integrity": "sha512-FM9nNUYrRBAELZQT3xeZQ7fmMOBg6nWNmJKTcgsJeaLstP/UODVpGsr5OhXhhXg6f+qtJ8uiZ+PUxkDWcgIXLw=="
    }
  }
}
